
Microsoft Visual Studio Solution File, Format Version 12.00
# Visual Studio 14
VisualStudioVersion = 14.0.25420.1
MinimumVisualStudioVersion = 10.0.40219.1
Project("{FAE04EC0-301F-11D3-BF4B-00C04F79EFBC}") = "ATF", "ATF\ATF.csproj", "{0F58FAF7-E386-452F-B810-F30091843848}"
EndProject
Project("{2150E333-8FDC-42A3-9474-1A3956D46DE8}") = "Solution Items", "Solution Items", "{A565BE18-67AB-4F1F-8EC9-4360CF6AFF25}"
EndProject
Global
	GlobalSection(SolutionConfigurationPlatforms) = preSolution
		Debug|Any CPU = Debug|Any CPU
		Release|Any CPU = Release|Any CPU
	EndGlobalSection
	GlobalSection(ProjectConfigurationPlatforms) = postSolution
		{0F58FAF7-E386-452F-B810-F30091843848}.Debug|Any CPU.ActiveCfg = Debug|Any CPU
		{0F58FAF7-E386-452F-B810-F30091843848}.Debug|Any CPU.Build.0 = Debug|Any CPU
		{0F58FAF7-E386-452F-B810-F30091843848}.Release|Any CPU.ActiveCfg = Release|Any CPU
		{0F58FAF7-E386-452F-B810-F30091843848}.Release|Any CPU.Build.0 = Release|Any CPU
	EndGlobalSection
	GlobalSection(SolutionProperties) = preSolution
		HideSolutionNode = FALSE
	EndGlobalSection
EndGlobal
